
Microsoft Visual Studio Solution File, Format Version 12.00
# Visual Studio Version 16
VisualStudioVersion = 16.0.30114.105
MinimumVisualStudioVersion = 10.0.40219.1
Project("{FAE04EC0-301F-11D3-BF4B-00C04F79EFBC}") = "Shop", "Shop\Shop.csproj", "{4DF36D99-2287-44D5-B1F2-D6E2126F9BD5}"
EndProject
Project("{FAE04EC0-301F-11D3-BF4B-00C04F79EFBC}") = "ShopUnitTests", "ShopUnitTests\ShopUnitTests.csproj", "{95035B41-2434-4A72-A6AE-C8A09158EED0}"
EndProject
Global
	GlobalSection(SolutionConfigurationPlatforms) = preSolution
		Debug|Any CPU = Debug|Any CPU
		Release|Any CPU = Release|Any CPU
	EndGlobalSection
	GlobalSection(SolutionProperties) = preSolution
		HideSolutionNode = FALSE
	EndGlobalSection
	GlobalSection(ProjectConfigurationPlatforms) = postSolution
		{4DF36D99-2287-44D5-B1F2-D6E2126F9BD5}.Debug|Any CPU.ActiveCfg = Debug|Any CPU
		{4DF36D99-2287-44D5-B1F2-D6E2126F9BD5}.Debug|Any CPU.Build.0 = Debug|Any CPU
		{4DF36D99-2287-44D5-B1F2-D6E2126F9BD5}.Release|Any CPU.ActiveCfg = Release|Any CPU
		{4DF36D99-2287-44D5-B1F2-D6E2126F9BD5}.Release|Any CPU.Build.0 = Release|Any CPU
		{95035B41-2434-4A72-A6AE-C8A09158EED0}.Debug|Any CPU.ActiveCfg = Debug|Any CPU
		{95035B41-2434-4A72-A6AE-C8A09158EED0}.Debug|Any CPU.Build.0 = Debug|Any CPU
		{95035B41-2434-4A72-A6AE-C8A09158EED0}.Release|Any CPU.ActiveCfg = Release|Any CPU
		{95035B41-2434-4A72-A6AE-C8A09158EED0}.Release|Any CPU.Build.0 = Release|Any CPU
	EndGlobalSection
EndGlobal
